
Microsoft Visual Studio Solution File, Format Version 12.00
# Visual Studio Version 16
VisualStudioVersion = 16.0.29418.71
MinimumVisualStudioVersion = 10.0.40219.1
Project("{8BC9CEB8-8B4A-11D0-8D11-00A0C91BC942}") = "DynamicList", "DynamicList\DynamicList.vcxproj", "{74CF9DC2-9045-4C4E-9CED-B172D81C9CF5}"
EndProject
Project("{8BC9CEB8-8B4A-11D0-8D11-00A0C91BC942}") = "StaticList", "StaticList\StaticList.vcxproj", "{45BED7E7-45E9-4BB4-B17A-96FFBB439251}"
EndProject
Project("{8BC9CEB8-8B4A-11D0-8D11-00A0C91BC942}") = "MyStackLinked", "Stack\Stack.vcxproj", "{C11285FA-764E-4CD5-B697-7E415B9EE3A1}"
EndProject
Project("{8BC9CEB8-8B4A-11D0-8D11-00A0C91BC942}") = "BracketsBalance", "BracketsBalance\BracketsBalance.vcxproj", "{250466BC-4A7D-41CF-9174-C3B1C141E65A}"
EndProject
Project("{8BC9CEB8-8B4A-11D0-8D11-00A0C91BC942}") = "BinarySearchTree", "BinarySearchTree\BinarySearchTree.vcxproj", "{D8D3FAFE-AB62-430F-B932-B0C2FACAC5F6}"
EndProject
Project("{8BC9CEB8-8B4A-11D0-8D11-00A0C91BC942}") = "AVLTree", "AVLTree\AVLTree.vcxproj", "{7168DAD1-C025-4091-8AC5-54F5A7699601}"
EndProject
Project("{8BC9CEB8-8B4A-11D0-8D11-00A0C91BC942}") = "BTree", "BTree\BTree.vcxproj", "{6857BE32-240A-49EB-98CE-794E36092920}"
EndProject
Project("{8BC9CEB8-8B4A-11D0-8D11-00A0C91BC942}") = "SeperateChainingHash", "SeperateChainingHash\SeperateChainingHash.vcxproj", "{9BD939A9-08A5-4B0C-8D2A-3FA7C35D0BAD}"
EndProject
Project("{8BC9CEB8-8B4A-11D0-8D11-00A0C91BC942}") = "LeftistHeap", "LeftistHeap\LeftistHeap.vcxproj", "{571EE364-F59D-44B9-BF09-31E6EC619180}"
EndProject
Project("{8BC9CEB8-8B4A-11D0-8D11-00A0C91BC942}") = "Sorting", "Sorting\Sorting.vcxproj", "{15A72C6C-DCDF-4EBE-AA42-844D361CB04D}"
EndProject
Project("{8BC9CEB8-8B4A-11D0-8D11-00A0C91BC942}") = "demo", "demo\demo.vcxproj", "{3F359C20-1213-4071-9B63-EB23AF8A7BB9}"
EndProject
Project("{8BC9CEB8-8B4A-11D0-8D11-00A0C91BC942}") = "TopologicalSorting", "TopologicalSorting\TopologicalSorting.vcxproj", "{366E3B77-6154-4677-BEBE-0CFBEB7A761C}"
EndProject
Global
	GlobalSection(SolutionConfigurationPlatforms) = preSolution
		Debug|x64 = Debug|x64
		Debug|x86 = Debug|x86
		Release|x64 = Release|x64
		Release|x86 = Release|x86
	EndGlobalSection
	GlobalSection(ProjectConfigurationPlatforms) = postSolution
		{74CF9DC2-9045-4C4E-9CED-B172D81C9CF5}.Debug|x64.ActiveCfg = Debug|x64
		{74CF9DC2-9045-4C4E-9CED-B172D81C9CF5}.Debug|x64.Build.0 = Debug|x64
		{74CF9DC2-9045-4C4E-9CED-B172D81C9CF5}.Debug|x86.ActiveCfg = Debug|Win32
		{74CF9DC2-9045-4C4E-9CED-B172D81C9CF5}.Debug|x86.Build.0 = Debug|Win32
		{74CF9DC2-9045-4C4E-9CED-B172D81C9CF5}.Release|x64.ActiveCfg = Release|x64
		{74CF9DC2-9045-4C4E-9CED-B172D81C9CF5}.Release|x64.Build.0 = Release|x64
		{74CF9DC2-9045-4C4E-9CED-B172D81C9CF5}.Release|x86.ActiveCfg = Release|Win32
		{74CF9DC2-9045-4C4E-9CED-B172D81C9CF5}.Release|x86.Build.0 = Release|Win32
		{45BED7E7-45E9-4BB4-B17A-96FFBB439251}.Debug|x64.ActiveCfg = Debug|x64
		{45BED7E7-45E9-4BB4-B17A-96FFBB439251}.Debug|x64.Build.0 = Debug|x64
		{45BED7E7-45E9-4BB4-B17A-96FFBB439251}.Debug|x86.ActiveCfg = Debug|Win32
		{45BED7E7-45E9-4BB4-B17A-96FFBB439251}.Debug|x86.Build.0 = Debug|Win32
		{45BED7E7-45E9-4BB4-B17A-96FFBB439251}.Release|x64.ActiveCfg = Release|x64
		{45BED7E7-45E9-4BB4-B17A-96FFBB439251}.Release|x64.Build.0 = Release|x64
		{45BED7E7-45E9-4BB4-B17A-96FFBB439251}.Release|x86.ActiveCfg = Release|Win32
		{45BED7E7-45E9-4BB4-B17A-96FFBB439251}.Release|x86.Build.0 = Release|Win32
		{C11285FA-764E-4CD5-B697-7E415B9EE3A1}.Debug|x64.ActiveCfg = Debug|x64
		{C11285FA-764E-4CD5-B697-7E415B9EE3A1}.Debug|x64.Build.0 = Debug|x64
		{C11285FA-764E-4CD5-B697-7E415B9EE3A1}.Debug|x86.ActiveCfg = Debug|Win32
		{C11285FA-764E-4CD5-B697-7E415B9EE3A1}.Debug|x86.Build.0 = Debug|Win32
		{C11285FA-764E-4CD5-B697-7E415B9EE3A1}.Release|x64.ActiveCfg = Release|x64
		{C11285FA-764E-4CD5-B697-7E415B9EE3A1}.Release|x64.Build.0 = Release|x64
		{C11285FA-764E-4CD5-B697-7E415B9EE3A1}.Release|x86.ActiveCfg = Release|Win32
		{C11285FA-764E-4CD5-B697-7E415B9EE3A1}.Release|x86.Build.0 = Release|Win32
		{250466BC-4A7D-41CF-9174-C3B1C141E65A}.Debug|x64.ActiveCfg = Debug|x64
		{250466BC-4A7D-41CF-9174-C3B1C141E65A}.Debug|x64.Build.0 = Debug|x64
		{250466BC-4A7D-41CF-9174-C3B1C141E65A}.Debug|x86.ActiveCfg = Debug|Win32
		{250466BC-4A7D-41CF-9174-C3B1C141E65A}.Debug|x86.Build.0 = Debug|Win32
		{250466BC-4A7D-41CF-9174-C3B1C141E65A}.Release|x64.ActiveCfg = Release|x64
		{250466BC-4A7D-41CF-9174-C3B1C141E65A}.Release|x64.Build.0 = Release|x64
		{250466BC-4A7D-41CF-9174-C3B1C141E65A}.Release|x86.ActiveCfg = Release|Win32
		{250466BC-4A7D-41CF-9174-C3B1C141E65A}.Release|x86.Build.0 = Release|Win32
		{D8D3FAFE-AB62-430F-B932-B0C2FACAC5F6}.Debug|x64.ActiveCfg = Debug|x64
		{D8D3FAFE-AB62-430F-B932-B0C2FACAC5F6}.Debug|x64.Build.0 = Debug|x64
		{D8D3FAFE-AB62-430F-B932-B0C2FACAC5F6}.Debug|x86.ActiveCfg = Debug|Win32
		{D8D3FAFE-AB62-430F-B932-B0C2FACAC5F6}.Debug|x86.Build.0 = Debug|Win32
		{D8D3FAFE-AB62-430F-B932-B0C2FACAC5F6}.Release|x64.ActiveCfg = Release|x64
		{D8D3FAFE-AB62-430F-B932-B0C2FACAC5F6}.Release|x64.Build.0 = Release|x64
		{D8D3FAFE-AB62-430F-B932-B0C2FACAC5F6}.Release|x86.ActiveCfg = Release|Win32
		{D8D3FAFE-AB62-430F-B932-B0C2FACAC5F6}.Release|x86.Build.0 = Release|Win32
		{7168DAD1-C025-4091-8AC5-54F5A7699601}.Debug|x64.ActiveCfg = Debug|x64
		{7168DAD1-C025-4091-8AC5-54F5A7699601}.Debug|x64.Build.0 = Debug|x64
		{7168DAD1-C025-4091-8AC5-54F5A7699601}.Debug|x86.ActiveCfg = Debug|Win32
		{7168DAD1-C025-4091-8AC5-54F5A7699601}.Debug|x86.Build.0 = Debug|Win32
		{7168DAD1-C025-4091-8AC5-54F5A7699601}.Release|x64.ActiveCfg = Release|x64
		{7168DAD1-C025-4091-8AC5-54F5A7699601}.Release|x64.Build.0 = Release|x64
		{7168DAD1-C025-4091-8AC5-54F5A7699601}.Release|x86.ActiveCfg = Release|Win32
		{7168DAD1-C025-4091-8AC5-54F5A7699601}.Release|x86.Build.0 = Release|Win32
		{6857BE32-240A-49EB-98CE-794E36092920}.Debug|x64.ActiveCfg = Debug|x64
		{6857BE32-240A-49EB-98CE-794E36092920}.Debug|x64.Build.0 = Debug|x64
		{6857BE32-240A-49EB-98CE-794E36092920}.Debug|x86.ActiveCfg = Debug|Win32
		{6857BE32-240A-49EB-98CE-794E36092920}.Debug|x86.Build.0 = Debug|Win32
		{6857BE32-240A-49EB-98CE-794E36092920}.Release|x64.ActiveCfg = Release|x64
		{6857BE32-240A-49EB-98CE-794E36092920}.Release|x64.Build.0 = Release|x64
		{6857BE32-240A-49EB-98CE-794E36092920}.Release|x86.ActiveCfg = Release|Win32
		{6857BE32-240A-49EB-98CE-794E36092920}.Release|x86.Build.0 = Release|Win32
		{9BD939A9-08A5-4B0C-8D2A-3FA7C35D0BAD}.Debug|x64.ActiveCfg = Debug|x64
		{9BD939A9-08A5-4B0C-8D2A-3FA7C35D0BAD}.Debug|x64.Build.0 = Debug|x64
		{9BD939A9-08A5-4B0C-8D2A-3FA7C35D0BAD}.Debug|x86.ActiveCfg = Debug|Win32
		{9BD939A9-08A5-4B0C-8D2A-3FA7C35D0BAD}.Debug|x86.Build.0 = Debug|Win32
		{9BD939A9-08A5-4B0C-8D2A-3FA7C35D0BAD}.Release|x64.ActiveCfg = Release|x64
		{9BD939A9-08A5-4B0C-8D2A-3FA7C35D0BAD}.Release|x64.Build.0 = Release|x64
		{9BD939A9-08A5-4B0C-8D2A-3FA7C35D0BAD}.Release|x86.ActiveCfg = Release|Win32
		{9BD939A9-08A5-4B0C-8D2A-3FA7C35D0BAD}.Release|x86.Build.0 = Release|Win32
		{571EE364-F59D-44B9-BF09-31E6EC619180}.Debug|x64.ActiveCfg = Debug|x64
		{571EE364-F59D-44B9-BF09-31E6EC619180}.Debug|x64.Build.0 = Debug|x64
		{571EE364-F59D-44B9-BF09-31E6EC619180}.Debug|x86.ActiveCfg = Debug|Win32
		{571EE364-F59D-44B9-BF09-31E6EC619180}.Debug|x86.Build.0 = Debug|Win32
		{571EE364-F59D-44B9-BF09-31E6EC619180}.Release|x64.ActiveCfg = Release|x64
		{571EE364-F59D-44B9-BF09-31E6EC619180}.Release|x64.Build.0 = Release|x64
		{571EE364-F59D-44B9-BF09-31E6EC619180}.Release|x86.ActiveCfg = Release|Win32
		{571EE364-F59D-44B9-BF09-31E6EC619180}.Release|x86.Build.0 = Release|Win32
		{15A72C6C-DCDF-4EBE-AA42-844D361CB04D}.Debug|x64.ActiveCfg = Debug|x64
		{15A72C6C-DCDF-4EBE-AA42-844D361CB04D}.Debug|x64.Build.0 = Debug|x64
		{15A72C6C-DCDF-4EBE-AA42-844D361CB04D}.Debug|x86.ActiveCfg = Debug|Win32
		{15A72C6C-DCDF-4EBE-AA42-844D361CB04D}.Debug|x86.Build.0 = Debug|Win32
		{15A72C6C-DCDF-4EBE-AA42-844D361CB04D}.Release|x64.ActiveCfg = Release|x64
		{15A72C6C-DCDF-4EBE-AA42-844D361CB04D}.Release|x64.Build.0 = Release|x64
		{15A72C6C-DCDF-4EBE-AA42-844D361CB04D}.Release|x86.ActiveCfg = Release|Win32
		{15A72C6C-DCDF-4EBE-AA42-844D361CB04D}.Release|x86.Build.0 = Release|Win32
		{3F359C20-1213-4071-9B63-EB23AF8A7BB9}.Debug|x64.ActiveCfg = Debug|x64
		{3F359C20-1213-4071-9B63-EB23AF8A7BB9}.Debug|x64.Build.0 = Debug|x64
		{3F359C20-1213-4071-9B63-EB23AF8A7BB9}.Debug|x86.ActiveCfg = Debug|Win32
		{3F359C20-1213-4071-9B63-EB23AF8A7BB9}.Debug|x86.Build.0 = Debug|Win32
		{3F359C20-1213-4071-9B63-EB23AF8A7BB9}.Release|x64.ActiveCfg = Release|x64
		{3F359C20-1213-4071-9B63-EB23AF8A7BB9}.Release|x64.Build.0 = Release|x64
		{3F359C20-1213-4071-9B63-EB23AF8A7BB9}.Release|x86.ActiveCfg = Release|Win32
		{3F359C20-1213-4071-9B63-EB23AF8A7BB9}.Release|x86.Build.0 = Release|Win32
		{366E3B77-6154-4677-BEBE-0CFBEB7A761C}.Debug|x64.ActiveCfg = Debug|x64
		{366E3B77-6154-4677-BEBE-0CFBEB7A761C}.Debug|x64.Build.0 = Debug|x64
		{366E3B77-6154-4677-BEBE-0CFBEB7A761C}.Debug|x86.ActiveCfg = Debug|Win32
		{366E3B77-6154-4677-BEBE-0CFBEB7A761C}.Debug|x86.Build.0 = Debug|Win32
		{366E3B77-6154-4677-BEBE-0CFBEB7A761C}.Release|x64.ActiveCfg = Release|x64
		{366E3B77-6154-4677-BEBE-0CFBEB7A761C}.Release|x64.Build.0 = Release|x64
		{366E3B77-6154-4677-BEBE-0CFBEB7A761C}.Release|x86.ActiveCfg = Release|Win32
		{366E3B77-6154-4677-BEBE-0CFBEB7A761C}.Release|x86.Build.0 = Release|Win32
	EndGlobalSection
	GlobalSection(SolutionProperties) = preSolution
		HideSolutionNode = FALSE
	EndGlobalSection
	GlobalSection(ExtensibilityGlobals) = postSolution
		SolutionGuid = {9808D165-A8EE-42C8-872D-8F4B2F9457D6}
	EndGlobalSection
EndGlobal
