
Microsoft Visual Studio Solution File, Format Version 12.00
# Visual Studio Version 16
VisualStudioVersion = 16.0.29418.71
MinimumVisualStudioVersion = 10.0.40219.1
Project("{8BC9CEB8-8B4A-11D0-8D11-00A0C91BC942}") = "DynamicList", "DynamicList\DynamicList.vcxproj", "{74CF9DC2-9045-4C4E-9CED-B172D81C9CF5}"
EndProject
Project("{8BC9CEB8-8B4A-11D0-8D11-00A0C91BC942}") = "StaticList", "StaticList\StaticList.vcxproj", "{45BED7E7-45E9-4BB4-B17A-96FFBB439251}"
EndProject
Project("{8BC9CEB8-8B4A-11D0-8D11-00A0C91BC942}") = "MyStackLinked", "Stack\Stack.vcxproj", "{C11285FA-764E-4CD5-B697-7E415B9EE3A1}"
EndProject
Project("{8BC9CEB8-8B4A-11D0-8D11-00A0C91BC942}") = "BracketsBalance", "BracketsBalance\BracketsBalance.vcxproj", "{250466BC-4A7D-41CF-9174-C3B1C141E65A}"
EndProject
Project("{8BC9CEB8-8B4A-11D0-8D11-00A0C91BC942}") = "BinarySearchTree", "BinarySearchTree\BinarySearchTree.vcxproj", "{D8D3FAFE-AB62-430F-B932-B0C2FACAC5F6}"
EndProject
Global
	GlobalSection(SolutionConfigurationPlatforms) = preSolution
		Debug|x64 = Debug|x64
		Debug|x86 = Debug|x86
		Release|x64 = Release|x64
		Release|x86 = Release|x86
	EndGlobalSection
	GlobalSection(ProjectConfigurationPlatforms) = postSolution
		{74CF9DC2-9045-4C4E-9CED-B172D81C9CF5}.Debug|x64.ActiveCfg = Debug|x64
		{74CF9DC2-9045-4C4E-9CED-B172D81C9CF5}.Debug|x64.Build.0 = Debug|x64
		{74CF9DC2-9045-4C4E-9CED-B172D81C9CF5}.Debug|x86.ActiveCfg = Debug|Win32
		{74CF9DC2-9045-4C4E-9CED-B172D81C9CF5}.Debug|x86.Build.0 = Debug|Win32
		{74CF9DC2-9045-4C4E-9CED-B172D81C9CF5}.Release|x64.ActiveCfg = Release|x64
		{74CF9DC2-9045-4C4E-9CED-B172D81C9CF5}.Release|x64.Build.0 = Release|x64
		{74CF9DC2-9045-4C4E-9CED-B172D81C9CF5}.Release|x86.ActiveCfg = Release|Win32
		{74CF9DC2-9045-4C4E-9CED-B172D81C9CF5}.Release|x86.Build.0 = Release|Win32
		{45BED7E7-45E9-4BB4-B17A-96FFBB439251}.Debug|x64.ActiveCfg = Debug|x64
		{45BED7E7-45E9-4BB4-B17A-96FFBB439251}.Debug|x64.Build.0 = Debug|x64
		{45BED7E7-45E9-4BB4-B17A-96FFBB439251}.Debug|x86.ActiveCfg = Debug|Win32
		{45BED7E7-45E9-4BB4-B17A-96FFBB439251}.Debug|x86.Build.0 = Debug|Win32
		{45BED7E7-45E9-4BB4-B17A-96FFBB439251}.Release|x64.ActiveCfg = Release|x64
		{45BED7E7-45E9-4BB4-B17A-96FFBB439251}.Release|x64.Build.0 = Release|x64
		{45BED7E7-45E9-4BB4-B17A-96FFBB439251}.Release|x86.ActiveCfg = Release|Win32
		{45BED7E7-45E9-4BB4-B17A-96FFBB439251}.Release|x86.Build.0 = Release|Win32
		{C11285FA-764E-4CD5-B697-7E415B9EE3A1}.Debug|x64.ActiveCfg = Debug|x64
		{C11285FA-764E-4CD5-B697-7E415B9EE3A1}.Debug|x64.Build.0 = Debug|x64
		{C11285FA-764E-4CD5-B697-7E415B9EE3A1}.Debug|x86.ActiveCfg = Debug|Win32
		{C11285FA-764E-4CD5-B697-7E415B9EE3A1}.Debug|x86.Build.0 = Debug|Win32
		{C11285FA-764E-4CD5-B697-7E415B9EE3A1}.Release|x64.ActiveCfg = Release|x64
		{C11285FA-764E-4CD5-B697-7E415B9EE3A1}.Release|x64.Build.0 = Release|x64
		{C11285FA-764E-4CD5-B697-7E415B9EE3A1}.Release|x86.ActiveCfg = Release|Win32
		{C11285FA-764E-4CD5-B697-7E415B9EE3A1}.Release|x86.Build.0 = Release|Win32
		{250466BC-4A7D-41CF-9174-C3B1C141E65A}.Debug|x64.ActiveCfg = Debug|x64
		{250466BC-4A7D-41CF-9174-C3B1C141E65A}.Debug|x64.Build.0 = Debug|x64
		{250466BC-4A7D-41CF-9174-C3B1C141E65A}.Debug|x86.ActiveCfg = Debug|Win32
		{250466BC-4A7D-41CF-9174-C3B1C141E65A}.Debug|x86.Build.0 = Debug|Win32
		{250466BC-4A7D-41CF-9174-C3B1C141E65A}.Release|x64.ActiveCfg = Release|x64
		{250466BC-4A7D-41CF-9174-C3B1C141E65A}.Release|x64.Build.0 = Release|x64
		{250466BC-4A7D-41CF-9174-C3B1C141E65A}.Release|x86.ActiveCfg = Release|Win32
		{250466BC-4A7D-41CF-9174-C3B1C141E65A}.Release|x86.Build.0 = Release|Win32
		{D8D3FAFE-AB62-430F-B932-B0C2FACAC5F6}.Debug|x64.ActiveCfg = Debug|x64
		{D8D3FAFE-AB62-430F-B932-B0C2FACAC5F6}.Debug|x64.Build.0 = Debug|x64
		{D8D3FAFE-AB62-430F-B932-B0C2FACAC5F6}.Debug|x86.ActiveCfg = Debug|Win32
		{D8D3FAFE-AB62-430F-B932-B0C2FACAC5F6}.Debug|x86.Build.0 = Debug|Win32
		{D8D3FAFE-AB62-430F-B932-B0C2FACAC5F6}.Release|x64.ActiveCfg = Release|x64
		{D8D3FAFE-AB62-430F-B932-B0C2FACAC5F6}.Release|x64.Build.0 = Release|x64
		{D8D3FAFE-AB62-430F-B932-B0C2FACAC5F6}.Release|x86.ActiveCfg = Release|Win32
		{D8D3FAFE-AB62-430F-B932-B0C2FACAC5F6}.Release|x86.Build.0 = Release|Win32
	EndGlobalSection
	GlobalSection(SolutionProperties) = preSolution
		HideSolutionNode = FALSE
	EndGlobalSection
	GlobalSection(ExtensibilityGlobals) = postSolution
		SolutionGuid = {9808D165-A8EE-42C8-872D-8F4B2F9457D6}
	EndGlobalSection
EndGlobal
